[0m[1mmodule.eks.data.aws_caller_identity.current[0]: Reading...[0m[0m
[0m[1mmodule.eks.module.kms.data.aws_caller_identity.current[0]: Reading...[0m[0m
[0m[1mmodule.eks.module.kms.data.aws_partition.current[0]: Reading...[0m[0m
[0m[1mmodule.eks.data.aws_partition.current[0]: Reading...[0m[0m
[0m[1mdata.aws_ssm_parameter.private_subnet_ids: Reading...[0m[0m
[0m[1mdata.aws_ssm_parameter.eks_control_plane_sg_id: Reading...[0m[0m
[0m[1mdata.aws_ssm_parameter.vpc_id: Reading...[0m[0m
[0m[1mmodule.eks.data.aws_iam_policy_document.assume_role_policy[0]: Reading...[0m[0m
[0m[1mdata.aws_ssm_parameter.public_subnet_ids: Reading...[0m[0m
[0m[1maws_key_pair.eks: Refreshing state... [id=expense-eks][0m
[0m[1mmodule.eks.module.kms.data.aws_partition.current[0]: Read complete after 0s [id=aws][0m
[0m[1mmodule.eks.data.aws_partition.current[0]: Read complete after 0s [id=aws][0m
[0m[1mmodule.eks.data.aws_iam_policy_document.assume_role_policy[0]: Read complete after 0s [id=2830595799][0m
[0m[1mdata.aws_ssm_parameter.eks_node_sg_id: Reading...[0m[0m
[0m[1mmodule.eks.aws_cloudwatch_log_group.this[0]: Refreshing state... [id=/aws/eks/expense-dev/cluster][0m
[0m[1mmodule.eks.aws_iam_role.this[0]: Refreshing state... [id=expense-dev-cluster-20251110234731951500000002][0m
[0m[1mmodule.eks.data.aws_caller_identity.current[0]: Read complete after 0s [id=463470981697][0m
[0m[1mmodule.eks.data.aws_iam_policy_document.custom[0]: Reading...[0m[0m
[0m[1mmodule.eks.data.aws_iam_policy_document.custom[0]: Read complete after 0s [id=513122117][0m
[0m[1mmodule.eks.data.aws_iam_session_context.current[0]: Reading...[0m[0m
[0m[1mmodule.eks.data.aws_iam_session_context.current[0]: Read complete after 0s [id=arn:aws:iam::463470981697:user/terraform][0m
[0m[1mmodule.eks.aws_iam_policy.custom[0]: Refreshing state... [id=arn:aws:iam::463470981697:policy/expense-dev-cluster-20251110234731950200000001][0m
[0m[1mmodule.eks.module.kms.data.aws_caller_identity.current[0]: Read complete after 0s [id=463470981697][0m
[0m[1mdata.aws_ssm_parameter.vpc_id: Read complete after 0s [id=/expense/dev/vpc_id][0m
[0m[1mdata.aws_ssm_parameter.public_subnet_ids: Read complete after 0s [id=/expense/dev/public_subnet_ids][0m
[0m[1mdata.aws_ssm_parameter.eks_node_sg_id: Read complete after 0s [id=/expense/dev/eks_node_sg_id][0m
[0m[1mdata.aws_ssm_parameter.eks_control_plane_sg_id: Read complete after 0s [id=/expense/dev/eks_control_plane_sg_id][0m
[0m[1mdata.aws_ssm_parameter.private_subnet_ids: Read complete after 0s [id=/expense/dev/private_subnet_ids][0m
[0m[1mmodule.eks.module.eks_managed_node_group["blue"].data.aws_caller_identity.current: Reading...[0m[0m
[0m[1mmodule.eks.module.eks_managed_node_group["blue"].data.aws_partition.current: Reading...[0m[0m
[0m[1mmodule.eks.module.eks_managed_node_group["blue"].data.aws_iam_policy_document.assume_role_policy[0]: Reading...[0m[0m
[0m[1mmodule.eks.module.eks_managed_node_group["blue"].data.aws_partition.current: Read complete after 0s [id=aws][0m
[0m[1mmodule.eks.module.eks_managed_node_group["blue"].data.aws_iam_policy_document.assume_role_policy[0]: Read complete after 0s [id=2560088296][0m
[0m[1mmodule.eks.module.eks_managed_node_group["blue"].aws_iam_role.this[0]: Refreshing state... [id=blue-eks-node-group-20251110235408531900000001][0m
[0m[1mmodule.eks.aws_iam_role_policy_attachment.custom[0]: Refreshing state... [id=expense-dev-cluster-20251110234731951500000002-20251110234732792200000005][0m
[0m[1mmodule.eks.aws_iam_role_policy_attachment.this["AmazonEKSClusterPolicy"]: Refreshing state... [id=expense-dev-cluster-20251110234731951500000002-20251110234732670500000004][0m
[0m[1mmodule.eks.aws_iam_role_policy_attachment.this["AmazonEKSVPCResourceController"]: Refreshing state... [id=expense-dev-cluster-20251110234731951500000002-20251110234732659400000003][0m
[0m[1mmodule.eks.module.kms.data.aws_iam_policy_document.this[0]: Reading...[0m[0m
[0m[1mmodule.eks.module.kms.data.aws_iam_policy_document.this[0]: Read complete after 0s [id=445113268][0m
[0m[1mmodule.eks.module.kms.aws_kms_key.this[0]: Refreshing state... [id=19ba91ad-2065-4816-92dc-4f90d44a1e96][0m
[0m[1mmodule.eks.module.eks_managed_node_group["blue"].data.aws_caller_identity.current: Read complete after 0s [id=463470981697][0m
[0m[1mmodule.eks.module.eks_managed_node_group["blue"].aws_iam_role_policy_attachment.additional["AmazonEKSLoadBalancingPolicy"]: Refreshing state... [id=blue-eks-node-group-20251110235408531900000001-20251110235409280100000005][0m
[0m[1mmodule.eks.module.eks_managed_node_group["blue"].aws_iam_role_policy_attachment.this["AmazonEKS_CNI_Policy"]: Refreshing state... [id=blue-eks-node-group-20251110235408531900000001-20251110235409284400000006][0m
[0m[1mmodule.eks.module.eks_managed_node_group["blue"].aws_iam_role_policy_attachment.additional["AmazonEBSCSIDriverPolicy"]: Refreshing state... [id=blue-eks-node-group-20251110235408531900000001-20251110235409280100000004][0m
[0m[1mmodule.eks.module.eks_managed_node_group["blue"].aws_iam_role_policy_attachment.this["AmazonEKSWorkerNodePolicy"]: Refreshing state... [id=blue-eks-node-group-20251110235408531900000001-20251110235409250700000003][0m
[0m[1mmodule.eks.module.eks_managed_node_group["blue"].aws_iam_role_policy_attachment.this["AmazonEC2ContainerRegistryReadOnly"]: Refreshing state... [id=blue-eks-node-group-20251110235408531900000001-20251110235409305300000007][0m
[0m[1mmodule.eks.module.eks_managed_node_group["blue"].aws_iam_role_policy_attachment.additional["AmazonEFSCSIDriverPolicy"]: Refreshing state... [id=blue-eks-node-group-20251110235408531900000001-20251110235409180300000002][0m
[0m[1mmodule.eks.module.kms.aws_kms_alias.this["cluster"]: Refreshing state... [id=alias/eks/expense-dev][0m
[0m[1mmodule.eks.aws_iam_policy.cluster_encryption[0]: Refreshing state... [id=arn:aws:iam::463470981697:policy/expense-dev-cluster-ClusterEncryption20251110234802233100000006][0m
[0m[1mmodule.eks.aws_eks_cluster.this[0]: Refreshing state... [id=expense-dev][0m
[0m[1mmodule.eks.aws_iam_role_policy_attachment.cluster_encryption[0]: Refreshing state... [id=expense-dev-cluster-20251110234731951500000002-20251110234802684300000007][0m

Terraform used the selected providers to generate the following execution
plan. Resource actions are indicated with the following symbols:
  [32m+[0m create[0m
  [33m~[0m update in-place[0m
 [36m<=[0m read (data resources)[0m

Terraform will perform the following actions:

[1m  # module.eks.data.aws_eks_addon_version.this["coredns"][0m will be read during apply
  # (depends on a resource or a module with changes pending)
[0m [36m<=[0m[0m data "aws_eks_addon_version" "this" {
      [32m+[0m[0m addon_name         = "coredns"
      [32m+[0m[0m id                 = (known after apply)
      [32m+[0m[0m kubernetes_version = "1.31"
      [32m+[0m[0m version            = (known after apply)
    }

[1m  # module.eks.data.aws_eks_addon_version.this["eks-pod-identity-agent"][0m will be read during apply
  # (depends on a resource or a module with changes pending)
[0m [36m<=[0m[0m data "aws_eks_addon_version" "this" {
      [32m+[0m[0m addon_name         = "eks-pod-identity-agent"
      [32m+[0m[0m id                 = (known after apply)
      [32m+[0m[0m kubernetes_version = "1.31"
      [32m+[0m[0m version            = (known after apply)
    }

[1m  # module.eks.data.aws_eks_addon_version.this["kube-proxy"][0m will be read during apply
  # (depends on a resource or a module with changes pending)
[0m [36m<=[0m[0m data "aws_eks_addon_version" "this" {
      [32m+[0m[0m addon_name         = "kube-proxy"
      [32m+[0m[0m id                 = (known after apply)
      [32m+[0m[0m kubernetes_version = "1.31"
      [32m+[0m[0m version            = (known after apply)
    }

[1m  # module.eks.data.aws_eks_addon_version.this["vpc-cni"][0m will be read during apply
  # (depends on a resource or a module with changes pending)
[0m [36m<=[0m[0m data "aws_eks_addon_version" "this" {
      [32m+[0m[0m addon_name         = "vpc-cni"
      [32m+[0m[0m id                 = (known after apply)
      [32m+[0m[0m kubernetes_version = "1.31"
      [32m+[0m[0m version            = (known after apply)
    }

[1m  # module.eks.data.tls_certificate.this[0][0m will be read during apply
  # (depends on a resource or a module with changes pending)
[0m [36m<=[0m[0m data "tls_certificate" "this" {
      [32m+[0m[0m certificates = (known after apply)
      [32m+[0m[0m id           = (known after apply)
      [32m+[0m[0m url          = "https://oidc.eks.us-east-1.amazonaws.com/id/A1F2DD9DE97695E6ACA92B3580788DBC"
    }

[1m  # module.eks.aws_ec2_tag.cluster_primary_security_group["Environment"][0m will be created
[0m  [32m+[0m[0m resource "aws_ec2_tag" "cluster_primary_security_group" {
      [32m+[0m[0m id          = (known after apply)
      [32m+[0m[0m key         = "Environment"
      [32m+[0m[0m resource_id = "sg-043b1fa3228ab9cfa"
      [32m+[0m[0m value       = "dev"
    }

[1m  # module.eks.aws_ec2_tag.cluster_primary_security_group["Project"][0m will be created
[0m  [32m+[0m[0m resource "aws_ec2_tag" "cluster_primary_security_group" {
      [32m+[0m[0m id          = (known after apply)
      [32m+[0m[0m key         = "Project"
      [32m+[0m[0m resource_id = "sg-043b1fa3228ab9cfa"
      [32m+[0m[0m value       = "expense"
    }

[1m  # module.eks.aws_ec2_tag.cluster_primary_security_group["Terraform"][0m will be created
[0m  [32m+[0m[0m resource "aws_ec2_tag" "cluster_primary_security_group" {
      [32m+[0m[0m id          = (known after apply)
      [32m+[0m[0m key         = "Terraform"
      [32m+[0m[0m resource_id = "sg-043b1fa3228ab9cfa"
      [32m+[0m[0m value       = "true"
    }

[1m  # module.eks.aws_eks_access_entry.this["cluster_creator"][0m will be created
[0m  [32m+[0m[0m resource "aws_eks_access_entry" "this" {
      [32m+[0m[0m access_entry_arn  = (known after apply)
      [32m+[0m[0m cluster_name      = "expense-dev"
      [32m+[0m[0m created_at        = (known after apply)
      [32m+[0m[0m id                = (known after apply)
      [32m+[0m[0m kubernetes_groups = (known after apply)
      [32m+[0m[0m modified_at       = (known after apply)
      [32m+[0m[0m principal_arn     = "arn:aws:iam::463470981697:user/terraform"
      [32m+[0m[0m tags              = {
          [32m+[0m[0m "Environment" = "dev"
          [32m+[0m[0m "Name"        = "expense-dev"
          [32m+[0m[0m "Project"     = "expense"
          [32m+[0m[0m "Terraform"   = "true"
        }
      [32m+[0m[0m tags_all          = {
          [32m+[0m[0m "Environment" = "dev"
          [32m+[0m[0m "Name"        = "expense-dev"
          [32m+[0m[0m "Project"     = "expense"
          [32m+[0m[0m "Terraform"   = "true"
        }
      [32m+[0m[0m type              = "STANDARD"
      [32m+[0m[0m user_name         = (known after apply)
    }

[1m  # module.eks.aws_eks_access_policy_association.this["cluster_creator_admin"][0m will be created
[0m  [32m+[0m[0m resource "aws_eks_access_policy_association" "this" {
      [32m+[0m[0m associated_at = (known after apply)
      [32m+[0m[0m cluster_name  = "expense-dev"
      [32m+[0m[0m id            = (known after apply)
      [32m+[0m[0m modified_at   = (known after apply)
      [32m+[0m[0m policy_arn    = "arn:aws:eks::aws:cluster-access-policy/AmazonEKSClusterAdminPolicy"
      [32m+[0m[0m principal_arn = "arn:aws:iam::463470981697:user/terraform"

      [32m+[0m[0m access_scope {
          [32m+[0m[0m type = "cluster"
        }
    }

[1m  # module.eks.aws_eks_addon.this["coredns"][0m will be created
[0m  [32m+[0m[0m resource "aws_eks_addon" "this" {
      [32m+[0m[0m addon_name                  = "coredns"
      [32m+[0m[0m addon_version               = (known after apply)
      [32m+[0m[0m arn                         = (known after apply)
      [32m+[0m[0m cluster_name                = "expense-dev"
      [32m+[0m[0m configuration_values        = (known after apply)
      [32m+[0m[0m created_at                  = (known after apply)
      [32m+[0m[0m id                          = (known after apply)
      [32m+[0m[0m modified_at                 = (known after apply)
      [32m+[0m[0m preserve                    = true
      [32m+[0m[0m resolve_conflicts_on_create = "NONE"
      [32m+[0m[0m resolve_conflicts_on_update = "OVERWRITE"
      [32m+[0m[0m tags                        = {
          [32m+[0m[0m "Environment" = "dev"
          [32m+[0m[0m "Name"        = "expense-dev"
          [32m+[0m[0m "Project"     = "expense"
          [32m+[0m[0m "Terraform"   = "true"
        }
      [32m+[0m[0m tags_all                    = {
          [32m+[0m[0m "Environment" = "dev"
          [32m+[0m[0m "Name"        = "expense-dev"
          [32m+[0m[0m "Project"     = "expense"
          [32m+[0m[0m "Terraform"   = "true"
        }

      [32m+[0m[0m timeouts {}
    }

[1m  # module.eks.aws_eks_addon.this["eks-pod-identity-agent"][0m will be created
[0m  [32m+[0m[0m resource "aws_eks_addon" "this" {
      [32m+[0m[0m addon_name                  = "eks-pod-identity-agent"
      [32m+[0m[0m addon_version               = (known after apply)
      [32m+[0m[0m arn                         = (known after apply)
      [32m+[0m[0m cluster_name                = "expense-dev"
      [32m+[0m[0m configuration_values        = (known after apply)
      [32m+[0m[0m created_at                  = (known after apply)
      [32m+[0m[0m id                          = (known after apply)
      [32m+[0m[0m modified_at                 = (known after apply)
      [32m+[0m[0m preserve                    = true
      [32m+[0m[0m resolve_conflicts_on_create = "NONE"
      [32m+[0m[0m resolve_conflicts_on_update = "OVERWRITE"
      [32m+[0m[0m tags                        = {
          [32m+[0m[0m "Environment" = "dev"
          [32m+[0m[0m "Name"        = "expense-dev"
          [32m+[0m[0m "Project"     = "expense"
          [32m+[0m[0m "Terraform"   = "true"
        }
      [32m+[0m[0m tags_all                    = {
          [32m+[0m[0m "Environment" = "dev"
          [32m+[0m[0m "Name"        = "expense-dev"
          [32m+[0m[0m "Project"     = "expense"
          [32m+[0m[0m "Terraform"   = "true"
        }

      [32m+[0m[0m timeouts {}
    }

[1m  # module.eks.aws_eks_addon.this["kube-proxy"][0m will be created
[0m  [32m+[0m[0m resource "aws_eks_addon" "this" {
      [32m+[0m[0m addon_name                  = "kube-proxy"
      [32m+[0m[0m addon_version               = (known after apply)
      [32m+[0m[0m arn                         = (known after apply)
      [32m+[0m[0m cluster_name                = "expense-dev"
      [32m+[0m[0m configuration_values        = (known after apply)
      [32m+[0m[0m created_at                  = (known after apply)
      [32m+[0m[0m id                          = (known after apply)
      [32m+[0m[0m modified_at                 = (known after apply)
      [32m+[0m[0m preserve                    = true
      [32m+[0m[0m resolve_conflicts_on_create = "NONE"
      [32m+[0m[0m resolve_conflicts_on_update = "OVERWRITE"
      [32m+[0m[0m tags                        = {
          [32m+[0m[0m "Environment" = "dev"
          [32m+[0m[0m "Name"        = "expense-dev"
          [32m+[0m[0m "Project"     = "expense"
          [32m+[0m[0m "Terraform"   = "true"
        }
      [32m+[0m[0m tags_all                    = {
          [32m+[0m[0m "Environment" = "dev"
          [32m+[0m[0m "Name"        = "expense-dev"
          [32m+[0m[0m "Project"     = "expense"
          [32m+[0m[0m "Terraform"   = "true"
        }

      [32m+[0m[0m timeouts {}
    }

[1m  # module.eks.aws_eks_addon.this["vpc-cni"][0m will be created
[0m  [32m+[0m[0m resource "aws_eks_addon" "this" {
      [32m+[0m[0m addon_name                  = "vpc-cni"
      [32m+[0m[0m addon_version               = (known after apply)
      [32m+[0m[0m arn                         = (known after apply)
      [32m+[0m[0m cluster_name                = "expense-dev"
      [32m+[0m[0m configuration_values        = (known after apply)
      [32m+[0m[0m created_at                  = (known after apply)
      [32m+[0m[0m id                          = (known after apply)
      [32m+[0m[0m modified_at                 = (known after apply)
      [32m+[0m[0m preserve                    = true
      [32m+[0m[0m resolve_conflicts_on_create = "NONE"
      [32m+[0m[0m resolve_conflicts_on_update = "OVERWRITE"
      [32m+[0m[0m tags                        = {
          [32m+[0m[0m "Environment" = "dev"
          [32m+[0m[0m "Name"        = "expense-dev"
          [32m+[0m[0m "Project"     = "expense"
          [32m+[0m[0m "Terraform"   = "true"
        }
      [32m+[0m[0m tags_all                    = {
          [32m+[0m[0m "Environment" = "dev"
          [32m+[0m[0m "Name"        = "expense-dev"
          [32m+[0m[0m "Project"     = "expense"
          [32m+[0m[0m "Terraform"   = "true"
        }

      [32m+[0m[0m timeouts {}
    }

[1m  # module.eks.aws_eks_cluster.this[0][0m will be updated in-place
[0m  [33m~[0m[0m resource "aws_eks_cluster" "this" {
        id                            = "expense-dev"
        name                          = "expense-dev"
        tags                          = {
            "Environment"           = "dev"
            "Name"                  = "expense-dev"
            "Project"               = "expense"
            "Terraform"             = "true"
            "terraform-aws-modules" = "eks"
        }
        [90m# (12 unchanged attributes hidden)[0m[0m

      [33m~[0m[0m vpc_config {
          # [33mWarning[0m: this attribute value will be marked as sensitive and will not
          # display in UI output after applying this change.[0m The value is unchanged.
          [33m~[0m[0m security_group_ids        = (sensitive value)
          # [33mWarning[0m: this attribute value will be marked as sensitive and will not
          # display in UI output after applying this change.[0m The value is unchanged.
          [33m~[0m[0m subnet_ids                = (sensitive value)
            [90m# (5 unchanged attributes hidden)[0m[0m
        }

        [90m# (4 unchanged blocks hidden)[0m[0m
    }

[1m  # module.eks.aws_iam_openid_connect_provider.oidc_provider[0][0m will be created
[0m  [32m+[0m[0m resource "aws_iam_openid_connect_provider" "oidc_provider" {
      [32m+[0m[0m arn             = (known after apply)
      [32m+[0m[0m client_id_list  = [
          [32m+[0m[0m "sts.amazonaws.com",
        ]
      [32m+[0m[0m id              = (known after apply)
      [32m+[0m[0m tags            = {
          [32m+[0m[0m "Environment" = "dev"
          [32m+[0m[0m "Name"        = "expense-dev"
          [32m+[0m[0m "Project"     = "expense"
          [32m+[0m[0m "Terraform"   = "true"
        }
      [32m+[0m[0m tags_all        = {
          [32m+[0m[0m "Environment" = "dev"
          [32m+[0m[0m "Name"        = "expense-dev"
          [32m+[0m[0m "Project"     = "expense"
          [32m+[0m[0m "Terraform"   = "true"
        }
      [32m+[0m[0m thumbprint_list = (known after apply)
      [32m+[0m[0m url             = "https://oidc.eks.us-east-1.amazonaws.com/id/A1F2DD9DE97695E6ACA92B3580788DBC"
    }

[1m  # module.eks.time_sleep.this[0][0m will be created
[0m  [32m+[0m[0m resource "time_sleep" "this" {
      [32m+[0m[0m create_duration = "30s"
      [32m+[0m[0m id              = (known after apply)
      [32m+[0m[0m triggers        = {
          [32m+[0m[0m "cluster_certificate_authority_data" = "LS0tLS1CRUdJTiBDRVJUSUZJQ0FURS0tLS0tCk1JSURCVENDQWUyZ0F3SUJBZ0lJVDcvSThRRXZ4TWt3RFFZSktvWklodmNOQVFFTEJRQXdGVEVUTUJFR0ExVUUKQXhNS2EzVmlaWEp1WlhSbGN6QWVGdzB5TlRFeE1UQXlNelUxTkRaYUZ3MHpOVEV4TURrd01EQXdORFphTUJVeApFekFSQmdOVkJBTVRDbXQxWW1WeWJtVjBaWE13Z2dFaU1BMEdDU3FHU0liM0RRRUJBUVVBQTRJQkR3QXdnZ0VLCkFvSUJBUUM3N0Q4aXg4S2FKdDJ0UkNXcDluQUsvV0oyOThhWjY0TlJXUDA1YzhTV242V3JORmtKT0FEaC9SalMKNWFNb0pwaU5pRGMyV0dPV3VNMXd5bGZnMlNRWS96UXpIQ0drUmdRdjhiVEJZVWllNVhyVlpKSEF6V0g2dEFPdgo2blpuR1MwYmNwTlpyczhxam4vTGNZWXVwSkdNUFJzdWgvQXp0enNET1I5NTVjQmxZV2FwcFloc0JVUmF3MzAvCmJuUGQyLzJ2WjhvMEkwTDVYcDg3L0RCRVpqUEpTaFZlazZIZEJwcVhlczdGWVh0K2VHWTBsWFoxQWVjZzRQaGsKZXRVQkgvSjJBSXF6QTRJUGhtUDBqeklnbmlvUDdpR3hqZWpBN005TndzOFpNbDJvbHRxcjFhZkJBRENJSmkxZwpwS1RCWU1OcnZaR0d4bXRqYm1SUkMxUlpVTks5QWdNQkFBR2pXVEJYTUE0R0ExVWREd0VCL3dRRUF3SUNwREFQCkJnTlZIUk1CQWY4RUJUQURBUUgvTUIwR0ExVWREZ1FXQkJTNUc3L0psRHpVcXZMbG5GcVY4RU8vYi91c1FEQVYKQmdOVkhSRUVEakFNZ2dwcmRXSmxjbTVsZEdWek1BMEdDU3FHU0liM0RRRUJDd1VBQTRJQkFRQnNablpwR1B0dQo2aGNtRkN4bEExKzRkbHV2aWJzMzVnMkppc1pxK3BmaFppZWEvU0I0RGNmd1BXdlpUQzBkdFBPc0ZzMldEbXd6Cm56eWpJcFJLcmZidnlyODgvL2lHRkwzRGxrQ25EVi9ZSldPeCtDL0dVR3NaUUZzTXJMRVNSbk9jQk5oTmZhT1AKanJKWVpRL0Y5NWlnUVVocCtNN2ZhcEdnQkJpdlJ6S1lZbU1PeDFkZ0o1a0VLRUtGMXRsWnR1NnRuRkVkTnppZwpQWitwcVJ5K0NaUFpXVGN1eEVFcGdmZ2ZTUzF2NWNrNUNDWFVPL2R4R004V1JMM1UwcWJkbnIvZTg5T0RVYWxLClVXbEFPTnlwbzdTb0lVa1QvOUg4ZFpzUUFHQXdiWDNrMWZrRmhuWHY2MkNJRXlOZ0dIT0xaMzc0QTA4WTQ3YnEKVGpRS1g3Qks3WHBwCi0tLS0tRU5EIENFUlRJRklDQVRFLS0tLS0K"
          [32m+[0m[0m "cluster_endpoint"                   = "https://A1F2DD9DE97695E6ACA92B3580788DBC.gr7.us-east-1.eks.amazonaws.com"
          [32m+[0m[0m "cluster_name"                       = "expense-dev"
          [32m+[0m[0m "cluster_service_cidr"               = "172.20.0.0/16"
          [32m+[0m[0m "cluster_version"                    = "1.31"
        }
    }

[1m  # module.eks.module.eks_managed_node_group["blue"].aws_eks_node_group.this[0][0m will be created
[0m  [32m+[0m[0m resource "aws_eks_node_group" "this" {
      [32m+[0m[0m ami_type               = "AL2023_x86_64_STANDARD"
      [32m+[0m[0m arn                    = (known after apply)
      [32m+[0m[0m capacity_type          = (known after apply)
      [32m+[0m[0m cluster_name           = "expense-dev"
      [32m+[0m[0m disk_size              = (known after apply)
      [32m+[0m[0m id                     = (known after apply)
      [32m+[0m[0m instance_types         = [
          [32m+[0m[0m "t3.medium",
        ]
      [32m+[0m[0m node_group_name        = (known after apply)
      [32m+[0m[0m node_group_name_prefix = "blue-"
      [32m+[0m[0m node_role_arn          = "arn:aws:iam::463470981697:role/blue-eks-node-group-20251110235408531900000001"
      [32m+[0m[0m release_version        = (known after apply)
      [32m+[0m[0m resources              = (known after apply)
      [32m+[0m[0m status                 = (known after apply)
      [32m+[0m[0m subnet_ids             = (sensitive value)
      [32m+[0m[0m tags                   = {
          [32m+[0m[0m "Environment" = "dev"
          [32m+[0m[0m "Name"        = "blue"
          [32m+[0m[0m "Project"     = "expense"
          [32m+[0m[0m "Terraform"   = "true"
        }
      [32m+[0m[0m tags_all               = {
          [32m+[0m[0m "Environment" = "dev"
          [32m+[0m[0m "Name"        = "blue"
          [32m+[0m[0m "Project"     = "expense"
          [32m+[0m[0m "Terraform"   = "true"
        }
      [32m+[0m[0m version                = "1.31"

      [32m+[0m[0m launch_template {
          [32m+[0m[0m id      = (known after apply)
          [32m+[0m[0m name    = (known after apply)
          [32m+[0m[0m version = (known after apply)
        }

      [32m+[0m[0m scaling_config {
          [32m+[0m[0m desired_size = 1
          [32m+[0m[0m max_size     = 2
          [32m+[0m[0m min_size     = 1
        }

      [32m+[0m[0m timeouts {
          [32m+[0m[0m create = "20m"
          [32m+[0m[0m delete = "20m"
          [32m+[0m[0m update = "20m"
        }

      [32m+[0m[0m update_config {
          [32m+[0m[0m max_unavailable_percentage = 33
        }
    }

[1m  # module.eks.module.eks_managed_node_group["blue"].aws_launch_template.this[0][0m will be created
[0m  [32m+[0m[0m resource "aws_launch_template" "this" {
      [32m+[0m[0m arn                    = (known after apply)
      [32m+[0m[0m default_version        = (known after apply)
      [32m+[0m[0m description            = "Custom launch template for blue EKS managed node group"
      [32m+[0m[0m id                     = (known after apply)
      [32m+[0m[0m key_name               = "expense-eks"
      [32m+[0m[0m latest_version         = (known after apply)
      [32m+[0m[0m name                   = (known after apply)
      [32m+[0m[0m name_prefix            = "blue-"
      [32m+[0m[0m tags                   = {
          [32m+[0m[0m "Environment" = "dev"
          [32m+[0m[0m "Name"        = "expense-dev"
          [32m+[0m[0m "Project"     = "expense"
          [32m+[0m[0m "Terraform"   = "true"
        }
      [32m+[0m[0m tags_all               = {
          [32m+[0m[0m "Environment" = "dev"
          [32m+[0m[0m "Name"        = "expense-dev"
          [32m+[0m[0m "Project"     = "expense"
          [32m+[0m[0m "Terraform"   = "true"
        }
      [32m+[0m[0m update_default_version = true
      [32m+[0m[0m vpc_security_group_ids = (sensitive value)

      [32m+[0m[0m metadata_options {
          [32m+[0m[0m http_endpoint               = "enabled"
          [32m+[0m[0m http_protocol_ipv6          = (known after apply)
          [32m+[0m[0m http_put_response_hop_limit = 2
          [32m+[0m[0m http_tokens                 = "required"
          [32m+[0m[0m instance_metadata_tags      = (known after apply)
        }

      [32m+[0m[0m monitoring {
          [32m+[0m[0m enabled = true
        }

      [32m+[0m[0m tag_specifications {
          [32m+[0m[0m resource_type = "instance"
          [32m+[0m[0m tags          = {
              [32m+[0m[0m "Environment" = "dev"
              [32m+[0m[0m "Name"        = "blue"
              [32m+[0m[0m "Project"     = "expense"
              [32m+[0m[0m "Terraform"   = "true"
            }
        }
      [32m+[0m[0m tag_specifications {
          [32m+[0m[0m resource_type = "network-interface"
          [32m+[0m[0m tags          = {
              [32m+[0m[0m "Environment" = "dev"
              [32m+[0m[0m "Name"        = "blue"
              [32m+[0m[0m "Project"     = "expense"
              [32m+[0m[0m "Terraform"   = "true"
            }
        }
      [32m+[0m[0m tag_specifications {
          [32m+[0m[0m resource_type = "volume"
          [32m+[0m[0m tags          = {
              [32m+[0m[0m "Environment" = "dev"
              [32m+[0m[0m "Name"        = "blue"
              [32m+[0m[0m "Project"     = "expense"
              [32m+[0m[0m "Terraform"   = "true"
            }
        }
    }

[1m  # module.eks.module.eks_managed_node_group["blue"].module.user_data.null_resource.validate_cluster_service_cidr[0m will be created
[0m  [32m+[0m[0m resource "null_resource" "validate_cluster_service_cidr" {
      [32m+[0m[0m id = (known after apply)
    }

[1mPlan:[0m 14 to add, 1 to change, 0 to destroy.
[0m[0m[1mmodule.eks.aws_eks_cluster.this[0]: Modifying... [id=expense-dev][0m[0m
[0m[1mmodule.eks.aws_eks_cluster.this[0]: Modifications complete after 0s [id=expense-dev][0m
[0m[1mmodule.eks.data.aws_eks_addon_version.this["eks-pod-identity-agent"]: Reading...[0m[0m
[0m[1mmodule.eks.data.aws_eks_addon_version.this["coredns"]: Reading...[0m[0m
[0m[1mmodule.eks.data.aws_eks_addon_version.this["kube-proxy"]: Reading...[0m[0m
[0m[1mmodule.eks.data.tls_certificate.this[0]: Reading...[0m[0m
[0m[1mmodule.eks.data.aws_eks_addon_version.this["vpc-cni"]: Reading...[0m[0m
[0m[1mmodule.eks.aws_ec2_tag.cluster_primary_security_group["Terraform"]: Creating...[0m[0m
[0m[1mmodule.eks.aws_ec2_tag.cluster_primary_security_group["Environment"]: Creating...[0m[0m
[0m[1mmodule.eks.aws_ec2_tag.cluster_primary_security_group["Project"]: Creating...[0m[0m
[0m[1mmodule.eks.aws_eks_access_entry.this["cluster_creator"]: Creating...[0m[0m
[0m[1mmodule.eks.time_sleep.this[0]: Creating...[0m[0m
[0m[1mmodule.eks.data.tls_certificate.this[0]: Read complete after 0s [id=0c37bb608751c2a14704338d4b14c14e6dbe88ac][0m
[0m[1mmodule.eks.aws_iam_openid_connect_provider.oidc_provider[0]: Creating...[0m[0m
[0m[1mmodule.eks.data.aws_eks_addon_version.this["coredns"]: Read complete after 0s [id=coredns][0m
[0m[1mmodule.eks.data.aws_eks_addon_version.this["vpc-cni"]: Read complete after 0s [id=vpc-cni][0m
[0m[1mmodule.eks.data.aws_eks_addon_version.this["eks-pod-identity-agent"]: Read complete after 0s [id=eks-pod-identity-agent][0m
[0m[1mmodule.eks.data.aws_eks_addon_version.this["kube-proxy"]: Read complete after 0s [id=kube-proxy][0m
[0m[1mmodule.eks.aws_iam_openid_connect_provider.oidc_provider[0]: Creation complete after 0s [id=arn:aws:iam::463470981697:oidc-provider/oidc.eks.us-east-1.amazonaws.com/id/A1F2DD9DE97695E6ACA92B3580788DBC][0m
[0m[1mmodule.eks.aws_ec2_tag.cluster_primary_security_group["Environment"]: Creation complete after 1s [id=sg-043b1fa3228ab9cfa,Environment][0m
[0m[1mmodule.eks.aws_ec2_tag.cluster_primary_security_group["Terraform"]: Creation complete after 1s [id=sg-043b1fa3228ab9cfa,Terraform][0m
[0m[1mmodule.eks.aws_ec2_tag.cluster_primary_security_group["Project"]: Creation complete after 1s [id=sg-043b1fa3228ab9cfa,Project][0m
[0m[1mmodule.eks.aws_eks_access_entry.this["cluster_creator"]: Creation complete after 1s [id=expense-dev:arn:aws:iam::463470981697:user/terraform][0m
[0m[1mmodule.eks.aws_eks_access_policy_association.this["cluster_creator_admin"]: Creating...[0m[0m
[0m[1mmodule.eks.aws_eks_access_policy_association.this["cluster_creator_admin"]: Creation complete after 0s [id=expense-dev#arn:aws:iam::463470981697:user/terraform#arn:aws:eks::aws:cluster-access-policy/AmazonEKSClusterAdminPolicy][0m
[0m[1mmodule.eks.time_sleep.this[0]: Still creating... [10s elapsed][0m[0m
[0m[1mmodule.eks.time_sleep.this[0]: Still creating... [20s elapsed][0m[0m
[0m[1mmodule.eks.time_sleep.this[0]: Still creating... [30s elapsed][0m[0m
[0m[1mmodule.eks.time_sleep.this[0]: Creation complete after 30s [id=2025-11-11T01:36:13Z][0m
[0m[1mmodule.eks.module.eks_managed_node_group["blue"].module.user_data.null_resource.validate_cluster_service_cidr: Creating...[0m[0m
[0m[1mmodule.eks.module.eks_managed_node_group["blue"].module.user_data.null_resource.validate_cluster_service_cidr: Creation complete after 0s [id=2320956695554701135][0m
[0m[1mmodule.eks.module.eks_managed_node_group["blue"].aws_launch_template.this[0]: Creating...[0m[0m
[0m[1mmodule.eks.module.eks_managed_node_group["blue"].aws_launch_template.this[0]: Creation complete after 5s [id=lt-09c515127cccd8f9f][0m
[0m[1mmodule.eks.module.eks_managed_node_group["blue"].aws_eks_node_group.this[0]: Creating...[0m[0m
[0m[1mmodule.eks.module.eks_managed_node_group["blue"].aws_eks_node_group.this[0]: Still creating... [10s elapsed][0m[0m
[0m[1mmodule.eks.module.eks_managed_node_group["blue"].aws_eks_node_group.this[0]: Still creating... [20s elapsed][0m[0m
[0m[1mmodule.eks.module.eks_managed_node_group["blue"].aws_eks_node_group.this[0]: Still creating... [31s elapsed][0m[0m
[0m[1mmodule.eks.module.eks_managed_node_group["blue"].aws_eks_node_group.this[0]: Still creating... [41s elapsed][0m[0m
[0m[1mmodule.eks.module.eks_managed_node_group["blue"].aws_eks_node_group.this[0]: Still creating... [51s elapsed][0m[0m
[0m[1mmodule.eks.module.eks_managed_node_group["blue"].aws_eks_node_group.this[0]: Still creating... [1m1s elapsed][0m[0m
[0m[1mmodule.eks.module.eks_managed_node_group["blue"].aws_eks_node_group.this[0]: Still creating... [1m11s elapsed][0m[0m
[0m[1mmodule.eks.module.eks_managed_node_group["blue"].aws_eks_node_group.this[0]: Still creating... [1m21s elapsed][0m[0m
[0m[1mmodule.eks.module.eks_managed_node_group["blue"].aws_eks_node_group.this[0]: Still creating... [1m31s elapsed][0m[0m
[0m[1mmodule.eks.module.eks_managed_node_group["blue"].aws_eks_node_group.this[0]: Still creating... [1m41s elapsed][0m[0m
[0m[1mmodule.eks.module.eks_managed_node_group["blue"].aws_eks_node_group.this[0]: Still creating... [1m51s elapsed][0m[0m
[0m[1mmodule.eks.module.eks_managed_node_group["blue"].aws_eks_node_group.this[0]: Still creating... [11m27s elapsed][0m[0m
[0m[1mmodule.eks.module.eks_managed_node_group["blue"].aws_eks_node_group.this[0]: Still creating... [11m37s elapsed][0m[0m
[0m[1mmodule.eks.module.eks_managed_node_group["blue"].aws_eks_node_group.this[0]: Still creating... [11m47s elapsed][0m[0m
[0m[1mmodule.eks.module.eks_managed_node_group["blue"].aws_eks_node_group.this[0]: Still creating... [11m57s elapsed][0m[0m
[0m[1mmodule.eks.module.eks_managed_node_group["blue"].aws_eks_node_group.this[0]: Still creating... [12m7s elapsed][0m[0m
[0m[1mmodule.eks.module.eks_managed_node_group["blue"].aws_eks_node_group.this[0]: Still creating... [12m17s elapsed][0m[0m
[0m[1mmodule.eks.module.eks_managed_node_group["blue"].aws_eks_node_group.this[0]: Still creating... [12m27s elapsed][0m[0m
[0m[1mmodule.eks.module.eks_managed_node_group["blue"].aws_eks_node_group.this[0]: Still creating... [12m37s elapsed][0m[0m
[0m[1mmodule.eks.module.eks_managed_node_group["blue"].aws_eks_node_group.this[0]: Still creating... [12m47s elapsed][0m[0m
[0m[1mmodule.eks.module.eks_managed_node_group["blue"].aws_eks_node_group.this[0]: Still creating... [12m57s elapsed][0m[0m
[0m[1mmodule.eks.module.eks_managed_node_group["blue"].aws_eks_node_group.this[0]: Still creating... [13m7s elapsed][0m[0m
[0m[1mmodule.eks.module.eks_managed_node_group["blue"].aws_eks_node_group.this[0]: Still creating... [13m17s elapsed][0m[0m
[0m[1mmodule.eks.module.eks_managed_node_group["blue"].aws_eks_node_group.this[0]: Still creating... [13m27s elapsed][0m[0m
[0m[1mmodule.eks.module.eks_managed_node_group["blue"].aws_eks_node_group.this[0]: Still creating... [13m37s elapsed][0m[0m
[0m[1mmodule.eks.module.eks_managed_node_group["blue"].aws_eks_node_group.this[0]: Still creating... [13m47s elapsed][0m[0m
[0m[1mmodule.eks.module.eks_managed_node_group["blue"].aws_eks_node_group.this[0]: Still creating... [13m57s elapsed][0m[0m
[0m[1mmodule.eks.module.eks_managed_node_group["blue"].aws_eks_node_group.this[0]: Still creating... [14m7s elapsed][0m[0m
[0m[1mmodule.eks.module.eks_managed_node_group["blue"].aws_eks_node_group.this[0]: Still creating... [14m17s elapsed][0m[0m
[0m[1mmodule.eks.module.eks_managed_node_group["blue"].aws_eks_node_group.this[0]: Still creating... [14m27s elapsed][0m[0m
[0m[1mmodule.eks.module.eks_managed_node_group["blue"].aws_eks_node_group.this[0]: Still creating... [14m37s elapsed][0m[0m
[0m[1mmodule.eks.module.eks_managed_node_group["blue"].aws_eks_node_group.this[0]: Still creating... [14m47s elapsed][0m[0m
[0m[1mmodule.eks.module.eks_managed_node_group["blue"].aws_eks_node_group.this[0]: Still creating... [14m57s elapsed][0m[0m
[0m[1mmodule.eks.module.eks_managed_node_group["blue"].aws_eks_node_group.this[0]: Still creating... [15m7s elapsed][0m[0m
[0m[1mmodule.eks.module.eks_managed_node_group["blue"].aws_eks_node_group.this[0]: Still creating... [15m17s elapsed][0m[0m
[0m[1mmodule.eks.module.eks_managed_node_group["blue"].aws_eks_node_group.this[0]: Still creating... [15m27s elapsed][0m[0m
[0m[1mmodule.eks.module.eks_managed_node_group["blue"].aws_eks_node_group.this[0]: Still creating... [17m22s elapsed][0m[0m
[0m[1mmodule.eks.module.eks_managed_node_group["blue"].aws_eks_node_group.this[0]: Still creating... [17m32s elapsed][0m[0m
[0m[1mmodule.eks.module.eks_managed_node_group["blue"].aws_eks_node_group.this[0]: Still creating... [17m42s elapsed][0m[0m
[0m[1mmodule.eks.module.eks_managed_node_group["blue"].aws_eks_node_group.this[0]: Still creating... [17m52s elapsed][0m[0m
[0m[1mmodule.eks.module.eks_managed_node_group["blue"].aws_eks_node_group.this[0]: Still creating... [18m2s elapsed][0m[0m
[0m[1mmodule.eks.module.eks_managed_node_group["blue"].aws_eks_node_group.this[0]: Still creating... [18m12s elapsed][0m[0m
[0m[1mmodule.eks.module.eks_managed_node_group["blue"].aws_eks_node_group.this[0]: Still creating... [18m22s elapsed][0m[0m
[0m[1mmodule.eks.module.eks_managed_node_group["blue"].aws_eks_node_group.this[0]: Still creating... [18m32s elapsed][0m[0m
[0m[1mmodule.eks.module.eks_managed_node_group["blue"].aws_eks_node_group.this[0]: Still creating... [18m42s elapsed][0m[0m
[0m[1mmodule.eks.module.eks_managed_node_group["blue"].aws_eks_node_group.this[0]: Still creating... [18m52s elapsed][0m[0m
[0m[1mmodule.eks.module.eks_managed_node_group["blue"].aws_eks_node_group.this[0]: Still creating... [19m2s elapsed][0m[0m
[0m[1mmodule.eks.module.eks_managed_node_group["blue"].aws_eks_node_group.this[0]: Still creating... [19m12s elapsed][0m[0m
[0m[1mmodule.eks.module.eks_managed_node_group["blue"].aws_eks_node_group.this[0]: Still creating... [19m22s elapsed][0m[0m
[0m[1mmodule.eks.module.eks_managed_node_group["blue"].aws_eks_node_group.this[0]: Still creating... [19m32s elapsed][0m[0m
[0m[1mmodule.eks.module.eks_managed_node_group["blue"].aws_eks_node_group.this[0]: Still creating... [19m42s elapsed][0m[0m
[0m[1mmodule.eks.module.eks_managed_node_group["blue"].aws_eks_node_group.this[0]: Still creating... [19m52s elapsed][0m[0m
[0m[1mmodule.eks.module.eks_managed_node_group["blue"].aws_eks_node_group.this[0]: Still creating... [20m2s elapsed][0m[0m
[0m[1mmodule.eks.module.eks_managed_node_group["blue"].aws_eks_node_group.this[0]: Still creating... [20m12s elapsed][0m[0m
[0m[1mmodule.eks.module.eks_managed_node_group["blue"].aws_eks_node_group.this[0]: Still creating... [20m22s elapsed][0m[0m
[0m[1mmodule.eks.module.eks_managed_node_group["blue"].aws_eks_node_group.this[0]: Still creating... [20m32s elapsed][0m[0m
[0m[1mmodule.eks.module.eks_managed_node_group["blue"].aws_eks_node_group.this[0]: Still creating... [20m42s elapsed][0m[0m
[0m[1mmodule.eks.module.eks_managed_node_group["blue"].aws_eks_node_group.this[0]: Still creating... [20m52s elapsed][0m[0m
[0m[1mmodule.eks.module.eks_managed_node_group["blue"].aws_eks_node_group.this[0]: Still creating... [21m2s elapsed][0m[0m
[0m[1mmodule.eks.module.eks_managed_node_group["blue"].aws_eks_node_group.this[0]: Still creating... [21m12s elapsed][0m[0m
[0m[1mmodule.eks.module.eks_managed_node_group["blue"].aws_eks_node_group.this[0]: Still creating... [21m22s elapsed][0m[0m
[0m[1mmodule.eks.module.eks_managed_node_group["blue"].aws_eks_node_group.this[0]: Still creating... [21m32s elapsed][0m[0m
[0m[1mmodule.eks.module.eks_managed_node_group["blue"].aws_eks_node_group.this[0]: Still creating... [21m42s elapsed][0m[0m
[0m[1mmodule.eks.module.eks_managed_node_group["blue"].aws_eks_node_group.this[0]: Still creating... [21m52s elapsed][0m[0m
[0m[1mmodule.eks.module.eks_managed_node_group["blue"].aws_eks_node_group.this[0]: Still creating... [22m2s elapsed][0m[0m
[0m[1mmodule.eks.module.eks_managed_node_group["blue"].aws_eks_node_group.this[0]: Still creating... [22m12s elapsed][0m[0m
[0m[1mmodule.eks.module.eks_managed_node_group["blue"].aws_eks_node_group.this[0]: Still creating... [22m22s elapsed][0m[0m
[0m[1mmodule.eks.module.eks_managed_node_group["blue"].aws_eks_node_group.this[0]: Still creating... [22m32s elapsed][0m[0m
[0m[1mmodule.eks.module.eks_managed_node_group["blue"].aws_eks_node_group.this[0]: Still creating... [22m42s elapsed][0m[0m
[0m[1mmodule.eks.module.eks_managed_node_group["blue"].aws_eks_node_group.this[0]: Still creating... [22m52s elapsed][0m[0m
[0m[1mmodule.eks.module.eks_managed_node_group["blue"].aws_eks_node_group.this[0]: Still creating... [23m2s elapsed][0m[0m
[0m[1mmodule.eks.module.eks_managed_node_group["blue"].aws_eks_node_group.this[0]: Still creating... [23m12s elapsed][0m[0m
[0m[1mmodule.eks.module.eks_managed_node_group["blue"].aws_eks_node_group.this[0]: Still creating... [23m22s elapsed][0m[0m
[0m[1mmodule.eks.module.eks_managed_node_group["blue"].aws_eks_node_group.this[0]: Still creating... [23m32s elapsed][0m[0m
[0m[1mmodule.eks.module.eks_managed_node_group["blue"].aws_eks_node_group.this[0]: Still creating... [23m42s elapsed][0m[0m
[0m[1mmodule.eks.module.eks_managed_node_group["blue"].aws_eks_node_group.this[0]: Still creating... [23m52s elapsed][0m[0m
[0m[1mmodule.eks.module.eks_managed_node_group["blue"].aws_eks_node_group.this[0]: Still creating... [24m2s elapsed][0m[0m
[0m[1mmodule.eks.module.eks_managed_node_group["blue"].aws_eks_node_group.this[0]: Still creating... [24m12s elapsed][0m[0m
[0m[1mmodule.eks.module.eks_managed_node_group["blue"].aws_eks_node_group.this[0]: Still creating... [24m22s elapsed][0m[0m
[0m[1mmodule.eks.module.eks_managed_node_group["blue"].aws_eks_node_group.this[0]: Still creating... [28m56s elapsed][0m[0m
[0m[1mmodule.eks.module.eks_managed_node_group["blue"].aws_eks_node_group.this[0]: Still creating... [29m6s elapsed][0m[0m
[0m[1mmodule.eks.module.eks_managed_node_group["blue"].aws_eks_node_group.this[0]: Still creating... [29m16s elapsed][0m[0m
[0m[1mmodule.eks.module.eks_managed_node_group["blue"].aws_eks_node_group.this[0]: Still creating... [29m26s elapsed][0m[0m
[0m[1mmodule.eks.module.eks_managed_node_group["blue"].aws_eks_node_group.this[0]: Still creating... [29m36s elapsed][0m[0m
